
Microsoft Visual Studio Solution File, Format Version 12.00
# Visual Studio Version 17
VisualStudioVersion = 17.13.35919.96
MinimumVisualStudioVersion = 10.0.40219.1
Project("{FAE04EC0-301F-11D3-BF4B-00C04F79EFBC}") = "Shadow", "Shadow\Shadow.csproj", "{37676D35-585F-4C99-8CFA-D8153C3A9F4B}"
EndProject
Global
	GlobalSection(SolutionConfigurationPlatforms) = preSolution
		Debug|Any CPU = Debug|Any CPU
		Release|Any CPU = Release|Any CPU
	EndGlobalSection
	GlobalSection(ProjectConfigurationPlatforms) = postSolution
		{37676D35-585F-4C99-8CFA-D8153C3A9F4B}.Debug|Any CPU.ActiveCfg = Debug|Any CPU
		{37676D35-585F-4C99-8CFA-D8153C3A9F4B}.Debug|Any CPU.Build.0 = Debug|Any CPU
		{37676D35-585F-4C99-8CFA-D8153C3A9F4B}.Debug|Any CPU.Deploy.0 = Debug|Any CPU
		{37676D35-585F-4C99-8CFA-D8153C3A9F4B}.Release|Any CPU.ActiveCfg = Release|Any CPU
		{37676D35-585F-4C99-8CFA-D8153C3A9F4B}.Release|Any CPU.Build.0 = Release|Any CPU
	EndGlobalSection
	GlobalSection(SolutionProperties) = preSolution
		HideSolutionNode = FALSE
	EndGlobalSection
	GlobalSection(ExtensibilityGlobals) = postSolution
		SolutionGuid = {D7A34722-CDD3-4441-8C1B-3AFF88119CDD}
	EndGlobalSection
EndGlobal
